
Microsoft Visual Studio Solution File, Format Version 12.00
# Visual Studio 15
VisualStudioVersion = 15.0.27428.2037
MinimumVisualStudioVersion = 10.0.40219.1
Project("{888888A0-9F3D-457C-B088-3A5042F75D52}") = "Sock Merchant", "Sock Merchant\Sock Merchant.pyproj", "{6302E24C-DC32-429C-9C7D-F89C260B3AD6}"
EndProject
Global
	GlobalSection(SolutionConfigurationPlatforms) = preSolution
		Debug|Any CPU = Debug|Any CPU
		Release|Any CPU = Release|Any CPU
	EndGlobalSection
	GlobalSection(ProjectConfigurationPlatforms) = postSolution
		{6302E24C-DC32-429C-9C7D-F89C260B3AD6}.Debug|Any CPU.ActiveCfg = Debug|Any CPU
		{6302E24C-DC32-429C-9C7D-F89C260B3AD6}.Release|Any CPU.ActiveCfg = Release|Any CPU
	EndGlobalSection
	GlobalSection(SolutionProperties) = preSolution
		HideSolutionNode = FALSE
	EndGlobalSection
	GlobalSection(ExtensibilityGlobals) = postSolution
		SolutionGuid = {A0A50856-64F9-4AA0-BBF8-37192050C731}
	EndGlobalSection
EndGlobal
